Microsoft Visual Studio Solution File, Format Version 12.00
# Visual Studio Version 17
VisualStudioVersion = 17.5.2.0
MinimumVisualStudioVersion = 10.0.40219.1
Project("{FAE04EC0-301F-11D3-BF4B-00C04F79EFBC}") = "YksHocamAPI", "YksHocamAPI.csproj", "{E6B590E4-1F48-1B5D-E79F-DD78F2B0CAFB}"
EndProject
Global
	GlobalSection(SolutionConfigurationPlatforms) = preSolution
		Debug|Any CPU = Debug|Any CPU
		Release|Any CPU = Release|Any CPU
	EndGlobalSection
	GlobalSection(ProjectConfigurationPlatforms) = postSolution
		{E6B590E4-1F48-1B5D-E79F-DD78F2B0CAFB}.Debug|Any CPU.ActiveCfg = Debug|Any CPU
		{E6B590E4-1F48-1B5D-E79F-DD78F2B0CAFB}.Debug|Any CPU.Build.0 = Debug|Any CPU
		{E6B590E4-1F48-1B5D-E79F-DD78F2B0CAFB}.Release|Any CPU.ActiveCfg = Release|Any CPU
		{E6B590E4-1F48-1B5D-E79F-DD78F2B0CAFB}.Release|Any CPU.Build.0 = Release|Any CPU
	EndGlobalSection
	GlobalSection(SolutionProperties) = preSolution
		HideSolutionNode = FALSE
	EndGlobalSection
	GlobalSection(ExtensibilityGlobals) = postSolution
		SolutionGuid = {EBA3ABA6-9388-43DA-8CFD-BA928F635E1D}
	EndGlobalSection
EndGlobal
